// !$*UTF8*$!
{
	archiveVersion = 1;
	classes = {
	};
	objectVersion = 56;
	objects = {

/* Begin PBXBuildFile section */
		209C5C2429F6C777000DB27B /* KinopoiskApp.swift in Sources */ = {isa = PBXBuildFile; fileRef = 209C5C2329F6C777000DB27B /* KinopoiskApp.swift */; };
		209C5C2629F6C777000DB27B /* ContentView.swift in Sources */ = {isa = PBXBuildFile; fileRef = 209C5C2529F6C777000DB27B /* ContentView.swift */; };
		209C5C2829F6C779000DB27B /* Assets.xcassets in Resources */ = {isa = PBXBuildFile; fileRef = 209C5C2729F6C779000DB27B /* Assets.xcassets */; };
		209C5C2B29F6C779000DB27B /* Preview Assets.xcassets in Resources */ = {isa = PBXBuildFile; fileRef = 209C5C2A29F6C779000DB27B /* Preview Assets.xcassets */; };
		209C5C2D29F6C779000DB27B /* Persistence.swift in Sources */ = {isa = PBXBuildFile; fileRef = 209C5C2C29F6C779000DB27B /* Persistence.swift */; };
		209C5C3029F6C779000DB27B /* KinopoiskApp.xcdatamodeld in Sources */ = {isa = PBXBuildFile; fileRef = 209C5C2E29F6C779000DB27B /* KinopoiskApp.xcdatamodeld */; };
		209C5C3729F6C803000DB27B /* CatalogView.swift in Sources */ = {isa = PBXBuildFile; fileRef = 209C5C3629F6C803000DB27B /* CatalogView.swift */; };
		209C5C3929F6E71F000DB27B /* SearchView.swift in Sources */ = {isa = PBXBuildFile; fileRef = 209C5C3829F6E71F000DB27B /* SearchView.swift */; };
		209C5C3B29F6E74B000DB27B /* FavoritesView.swift in Sources */ = {isa = PBXBuildFile; fileRef = 209C5C3A29F6E74B000DB27B /* FavoritesView.swift */; };
		209C5C3E29F70DAD000DB27B /* Model.swift in Sources */ = {isa = PBXBuildFile; fileRef = 209C5C3D29F70DAD000DB27B /* Model.swift */; };
		209C5C4029F71135000DB27B /* DataManager.swift in Sources */ = {isa = PBXBuildFile; fileRef = 209C5C3F29F71135000DB27B /* DataManager.swift */; };
/* End PBXBuildFile section */

/* Begin PBXFileReference section */
		209C5C2029F6C777000DB27B /* KinopoiskApp.app */ = {isa = PBXFileReference; explicitFileType = wrapper.application; includeInIndex = 0; path = KinopoiskApp.app; sourceTree = BUILT_PRODUCTS_DIR; };
		209C5C2329F6C777000DB27B /* KinopoiskApp.swift */ = {isa = PBXFileReference; lastKnownFileType = sourcecode.swift; path = KinopoiskApp.swift; sourceTree = "<group>"; };
		209C5C2529F6C777000DB27B /* ContentView.swift */ = {isa = PBXFileReference; lastKnownFileType = sourcecode.swift; path = ContentView.swift; sourceTree = "<group>"; };
		209C5C2729F6C779000DB27B /* Assets.xcassets */ = {isa = PBXFileReference; lastKnownFileType = folder.assetcatalog; path = Assets.xcassets; sourceTree = "<group>"; };
		209C5C2A29F6C779000DB27B /* Preview Assets.xcassets */ = {isa = PBXFileReference; lastKnownFileType = folder.assetcatalog; path = "Preview Assets.xcassets"; sourceTree = "<group>"; };
		209C5C2C29F6C779000DB27B /* Persistence.swift */ = {isa = PBXFileReference; lastKnownFileType = sourcecode.swift; path = Persistence.swift; sourceTree = "<group>"; };
		209C5C2F29F6C779000DB27B /* KinopoiskApp.xcdatamodel */ = {isa = PBXFileReference; lastKnownFileType = wrapper.xcdatamodel; path = KinopoiskApp.xcdatamodel; sourceTree = "<group>"; };
		209C5C3629F6C803000DB27B /* CatalogView.swift */ = {isa = PBXFileReference; lastKnownFileType = sourcecode.swift; path = CatalogView.swift; sourceTree = "<group>"; };
		209C5C3829F6E71F000DB27B /* SearchView.swift */ = {isa = PBXFileReference; lastKnownFileType = sourcecode.swift; path = SearchView.swift; sourceTree = "<group>"; };
		209C5C3A29F6E74B000DB27B /* FavoritesView.swift */ = {isa = PBXFileReference; lastKnownFileType = sourcecode.swift; path = FavoritesView.swift; sourceTree = "<group>"; };
		209C5C3D29F70DAD000DB27B /* Model.swift */ = {isa = PBXFileReference; lastKnownFileType = sourcecode.swift; path = Model.swift; sourceTree = "<group>"; };
		209C5C3F29F71135000DB27B /* DataManager.swift */ = {isa = PBXFileReference; lastKnownFileType = sourcecode.swift; path = DataManager.swift; sourceTree = "<group>"; };
/* End PBXFileReference section */

/* Begin PBXFrameworksBuildPhase section */
		209C5C1D29F6C777000DB27B /* Frameworks */ = {
			isa = PBXFrameworksBuildPhase;
			buildActionMask = 2147483647;
			files = (
			);
			runOnlyForDeploymentPostprocessing = 0;
		};
/* End PBXFrameworksBuildPhase section */

/* Begin PBXGroup section */
		209C5C1729F6C777000DB27B = {
			isa = PBXGroup;
			children = (
				209C5C2229F6C777000DB27B /* KinopoiskApp */,
				209C5C2129F6C777000DB27B /* Products */,
			);
			sourceTree = "<group>";
		};
		209C5C2129F6C777000DB27B /* Products */ = {
			isa = PBXGroup;
			children = (
				209C5C2029F6C777000DB27B /* KinopoiskApp.app */,
			);
			name = Products;
			sourceTree = "<group>";
		};
		209C5C2229F6C777000DB27B /* KinopoiskApp */ = {
			isa = PBXGroup;
			children = (
				209C5C2329F6C777000DB27B /* KinopoiskApp.swift */,
				209C5C3F29F71135000DB27B /* DataManager.swift */,
				209C5C3D29F70DAD000DB27B /* Model.swift */,
				209C5C3C29F6E754000DB27B /* View */,
				209C5C2729F6C779000DB27B /* Assets.xcassets */,
				209C5C2C29F6C779000DB27B /* Persistence.swift */,
				209C5C2E29F6C779000DB27B /* KinopoiskApp.xcdatamodeld */,
				209C5C2929F6C779000DB27B /* Preview Content */,
			);
			path = KinopoiskApp;
			sourceTree = "<group>";
		};
		209C5C2929F6C779000DB27B /* Preview Content */ = {
			isa = PBXGroup;
			children = (
				209C5C2A29F6C779000DB27B /* Preview Assets.xcassets */,
			);
			path = "Preview Content";
			sourceTree = "<group>";
		};
		209C5C3C29F6E754000DB27B /* View */ = {
			isa = PBXGroup;
			children = (
				209C5C2529F6C777000DB27B /* ContentView.swift */,
				209C5C3629F6C803000DB27B /* CatalogView.swift */,
				209C5C3829F6E71F000DB27B /* SearchView.swift */,
				209C5C3A29F6E74B000DB27B /* FavoritesView.swift */,
			);
			path = View;
			sourceTree = "<group>";
		};
/* End PBXGroup section */

/* Begin PBXNativeTarget section */
		209C5C1F29F6C777000DB27B /* KinopoiskApp */ = {
			isa = PBXNativeTarget;
			buildConfigurationList = 209C5C3329F6C779000DB27B /* Build configuration list for PBXNativeTarget "KinopoiskApp" */;
			buildPhases = (
				209C5C1C29F6C777000DB27B /* Sources */,
				209C5C1D29F6C777000DB27B /* Frameworks */,
				209C5C1E29F6C777000DB27B /* Resources */,
			);
			buildRules = (
			);
			dependencies = (
			);
			name = KinopoiskApp;
			productName = KinopoiskApp;
			productReference = 209C5C2029F6C777000DB27B /* KinopoiskApp.app */;
			productType = "com.apple.product-type.application";
		};
/* End PBXNativeTarget section */

/* Begin PBXProject section */
		209C5C1829F6C777000DB27B /* Project object */ = {
			isa = PBXProject;
			attributes = {
				BuildIndependentTargetsInParallel = 1;
				LastSwiftUpdateCheck = 1420;
				LastUpgradeCheck = 1420;
				TargetAttributes = {
					209C5C1F29F6C777000DB27B = {
						CreatedOnToolsVersion = 14.2;
					};
				};
			};
			buildConfigurationList = 209C5C1B29F6C777000DB27B /* Build configuration list for PBXProject "KinopoiskApp" */;
			compatibilityVersion = "Xcode 14.0";
			developmentRegion = en;
			hasScannedForEncodings = 0;
			knownRegions = (
				en,
				Base,
			);
			mainGroup = 209C5C1729F6C777000DB27B;
			productRefGroup = 209C5C2129F6C777000DB27B /* Products */;
			projectDirPath = "";
			projectRoot = "";
			targets = (
				209C5C1F29F6C777000DB27B /* KinopoiskApp */,
			);
		};
/* End PBXProject section */

/* Begin PBXResourcesBuildPhase section */
		209C5C1E29F6C777000DB27B /* Resources */ = {
			isa = PBXResourcesBuildPhase;
			buildActionMask = 2147483647;
			files = (
				209C5C2B29F6C779000DB27B /* Preview Assets.xcassets in Resources */,
				209C5C2829F6C779000DB27B /* Assets.xcassets in Resources */,
			);
			runOnlyForDeploymentPostprocessing = 0;
		};
/* End PBXResourcesBuildPhase section */

/* Begin PBXSourcesBuildPhase section */
		209C5C1C29F6C777000DB27B /* Sources */ = {
			isa = PBXSourcesBuildPhase;
			buildActionMask = 2147483647;
			files = (
				209C5C2D29F6C779000DB27B /* Persistence.swift in Sources */,
				209C5C3029F6C779000DB27B /* KinopoiskApp.xcdatamodeld in Sources */,
				209C5C3929F6E71F000DB27B /* SearchView.swift in Sources */,
				209C5C2629F6C777000DB27B /* ContentView.swift in Sources */,
				209C5C3B29F6E74B000DB27B /* FavoritesView.swift in Sources */,
				209C5C2429F6C777000DB27B /* KinopoiskApp.swift in Sources */,
				209C5C3729F6C803000DB27B /* CatalogView.swift in Sources */,
				209C5C4029F71135000DB27B /* DataManager.swift in Sources */,
				209C5C3E29F70DAD000DB27B /* Model.swift in Sources */,
			);
			runOnlyForDeploymentPostprocessing = 0;
		};
/* End PBXSourcesBuildPhase section */

/* Begin XCBuildConfiguration section */
		209C5C3129F6C779000DB27B /* Debug */ = {
			isa = XCBuildConfiguration;
			buildSettings = {
				ALWAYS_SEARCH_USER_PATHS = NO;
				CLANG_ANALYZER_NONNULL = YES;
				CLANG_ANALYZER_NUMBER_OBJECT_CONVERSION = YES_AGGRESSIVE;
				CLANG_CXX_LANGUAGE_STANDARD = "gnu++20";
				CLANG_ENABLE_MODULES = YES;
				CLANG_ENABLE_OBJC_ARC = YES;
				CLANG_ENABLE_OBJC_WEAK = YES;
				CLANG_WARN_BLOCK_CAPTURE_AUTORELEASING = YES;
				CLANG_WARN_BOOL_CONVERSION = YES;
				CLANG_WARN_COMMA = YES;
				CLANG_WARN_CONSTANT_CONVERSION = YES;
				CLANG_WARN_DEPRECATED_OBJC_IMPLEMENTATIONS = YES;
				CLANG_WARN_DIRECT_OBJC_ISA_USAGE = YES_ERROR;
				CLANG_WARN_DOCUMENTATION_COMMENTS = YES;
				CLANG_WARN_EMPTY_BODY = YES;
				CLANG_WARN_ENUM_CONVERSION = YES;
				CLANG_WARN_INFINITE_RECURSION = YES;
				CLANG_WARN_INT_CONVERSION = YES;
				CLANG_WARN_NON_LITERAL_NULL_CONVERSION = YES;
				CLANG_WARN_OBJC_IMPLICIT_RETAIN_SELF = YES;
				CLANG_WARN_OBJC_LITERAL_CONVERSION = YES;
				CLANG_WARN_OBJC_ROOT_CLASS = YES_ERROR;
				CLANG_WARN_QUOTED_INCLUDE_IN_FRAMEWORK_HEADER = YES;
				CLANG_WARN_RANGE_LOOP_ANALYSIS = YES;
				CLANG_WARN_STRICT_PROTOTYPES = YES;
				CLANG_WARN_SUSPICIOUS_MOVE = YES;
				CLANG_WARN_UNGUARDED_AVAILABILITY = YES_AGGRESSIVE;
				CLANG_WARN_UNREACHABLE_CODE = YES;
				CLANG_WARN__DUPLICATE_METHOD_MATCH = YES;
				COPY_PHASE_STRIP = NO;
				DEBUG_INFORMATION_FORMAT = dwarf;
				ENABLE_STRICT_OBJC_MSGSEND = YES;
				ENABLE_TESTABILITY = YES;
				GCC_C_LANGUAGE_STANDARD = gnu11;
				GCC_DYNAMIC_NO_PIC = NO;
				GCC_NO_COMMON_BLOCKS = YES;
				GCC_OPTIMIZATION_LEVEL = 0;
				GCC_PREPROCESSOR_DEFINITIONS = (
					"DEBUG=1",
					"$(inherited)",
				);
				GCC_WARN_64_TO_32_BIT_CONVERSION = YES;
				GCC_WARN_ABOUT_RETURN_TYPE = YES_ERROR;
				GCC_WARN_UNDECLARED_SELECTOR = YES;
				GCC_WARN_UNINITIALIZED_AUTOS = YES_AGGRESSIVE;
				GCC_WARN_UNUSED_FUNCTION = YES;
				GCC_WARN_UNUSED_VARIABLE = YES;
				IPHONEOS_DEPLOYMENT_TARGET = 16.2;
				MTL_ENABLE_DEBUG_INFO = INCLUDE_SOURCE;
				MTL_FAST_MATH = YES;
				ONLY_ACTIVE_ARCH = YES;
				SDKROOT = iphoneos;
				SWIFT_ACTIVE_COMPILATION_CONDITIONS = DEBUG;
				SWIFT_OPTIMIZATION_LEVEL = "-Onone";
			};
			name = Debug;
		};
		209C5C3229F6C779000DB27B /* Release */ = {
			isa = XCBuildConfiguration;
			buildSettings = {
				ALWAYS_SEARCH_USER_PATHS = NO;
				CLANG_ANALYZER_NONNULL = YES;
				CLANG_ANALYZER_NUMBER_OBJECT_CONVERSION = YES_AGGRESSIVE;
				CLANG_CXX_LANGUAGE_STANDARD = "gnu++20";
				CLANG_ENABLE_MODULES = YES;
				CLANG_ENABLE_OBJC_ARC = YES;
				CLANG_ENABLE_OBJC_WEAK = YES;
				CLANG_WARN_BLOCK_CAPTURE_AUTORELEASING = YES;
				CLANG_WARN_BOOL_CONVERSION = YES;
				CLANG_WARN_COMMA = YES;
				CLANG_WARN_CONSTANT_CONVERSION = YES;
				CLANG_WARN_DEPRECATED_OBJC_IMPLEMENTATIONS = YES;
				CLANG_WARN_DIRECT_OBJC_ISA_USAGE = YES_ERROR;
				CLANG_WARN_DOCUMENTATION_COMMENTS = YES;
				CLANG_WARN_EMPTY_BODY = YES;
				CLANG_WARN_ENUM_CONVERSION = YES;
				CLANG_WARN_INFINITE_RECURSION = YES;
				CLANG_WARN_INT_CONVERSION = YES;
				CLANG_WARN_NON_LITERAL_NULL_CONVERSION = YES;
				CLANG_WARN_OBJC_IMPLICIT_RETAIN_SELF = YES;
				CLANG_WARN_OBJC_LITERAL_CONVERSION = YES;
				CLANG_WARN_OBJC_ROOT_CLASS = YES_ERROR;
				CLANG_WARN_QUOTED_INCLUDE_IN_FRAMEWORK_HEADER = YES;
				CLANG_WARN_RANGE_LOOP_ANALYSIS = YES;
				CLANG_WARN_STRICT_PROTOTYPES = YES;
				CLANG_WARN_SUSPICIOUS_MOVE = YES;
				CLANG_WARN_UNGUARDED_AVAILABILITY = YES_AGGRESSIVE;
				CLANG_WARN_UNREACHABLE_CODE = YES;
				CLANG_WARN__DUPLICATE_METHOD_MATCH = YES;
				COPY_PHASE_STRIP = NO;
				DEBUG_INFORMATION_FORMAT = "dwarf-with-dsym";
				ENABLE_NS_ASSERTIONS = NO;
				ENABLE_STRICT_OBJC_MSGSEND = YES;
				GCC_C_LANGUAGE_STANDARD = gnu11;
				GCC_NO_COMMON_BLOCKS = YES;
				GCC_WARN_64_TO_32_BIT_CONVERSION = YES;
				GCC_WARN_ABOUT_RETURN_TYPE = YES_ERROR;
				GCC_WARN_UNDECLARED_SELECTOR = YES;
				GCC_WARN_UNINITIALIZED_AUTOS = YES_AGGRESSIVE;
				GCC_WARN_UNUSED_FUNCTION = YES;
				GCC_WARN_UNUSED_VARIABLE = YES;
				IPHONEOS_DEPLOYMENT_TARGET = 16.2;
				MTL_ENABLE_DEBUG_INFO = NO;
				MTL_FAST_MATH = YES;
				SDKROOT = iphoneos;
				SWIFT_COMPILATION_MODE = wholemodule;
				SWIFT_OPTIMIZATION_LEVEL = "-O";
				VALIDATE_PRODUCT = YES;
			};
			name = Release;
		};
		209C5C3429F6C779000DB27B /* Debug */ = {
			isa = XCBuildConfiguration;
			buildSettings = {
				ASSETCATALOG_COMPILER_APPICON_NAME = AppIcon;
				ASSETCATALOG_COMPILER_GLOBAL_ACCENT_COLOR_NAME = AccentColor;
				CODE_SIGN_STYLE = Automatic;
				CURRENT_PROJECT_VERSION = 1;
				DEVELOPMENT_ASSET_PATHS = "\"KinopoiskApp/Preview Content\"";
				DEVELOPMENT_TEAM = 52CHWJ7645;
				ENABLE_PREVIEWS = YES;
				GENERATE_INFOPLIST_FILE = YES;
				INFOPLIST_KEY_UIApplicationSceneManifest_Generation = YES;
				INFOPLIST_KEY_UIApplicationSupportsIndirectInputEvents = YES;
				INFOPLIST_KEY_UILaunchScreen_Generation = YES;
				INFOPLIST_KEY_UISupportedInterfaceOrientations_iPad = "UIInterfaceOrientationPortrait UIInterfaceOrientationPortraitUpsideDown UIInterfaceOrientationLandscapeLeft UIInterfaceOrientationLandscapeRight";
				INFOPLIST_KEY_UISupportedInterfaceOrientations_iPhone = "UIInterfaceOrientationPortrait UIInterfaceOrientationLandscapeLeft UIInterfaceOrientationLandscapeRight";
				LD_RUNPATH_SEARCH_PATHS = (
					"$(inherited)",
					"@executable_path/Frameworks",
				);
				MARKETING_VERSION = 1.0;
				PRODUCT_BUNDLE_IDENTIFIER = "-.KinopoiskApp";
				PRODUCT_NAME = "$(TARGET_NAME)";
				SWIFT_EMIT_LOC_STRINGS = YES;
				SWIFT_VERSION = 5.0;
				TARGETED_DEVICE_FAMILY = "1,2";
			};
			name = Debug;
		};
		209C5C3529F6C779000DB27B /* Release */ = {
			isa = XCBuildConfiguration;
			buildSettings = {
				ASSETCATALOG_COMPILER_APPICON_NAME = AppIcon;
				ASSETCATALOG_COMPILER_GLOBAL_ACCENT_COLOR_NAME = AccentColor;
				CODE_SIGN_STYLE = Automatic;
				CURRENT_PROJECT_VERSION = 1;
				DEVELOPMENT_ASSET_PATHS = "\"KinopoiskApp/Preview Content\"";
				DEVELOPMENT_TEAM = 52CHWJ7645;
				ENABLE_PREVIEWS = YES;
				GENERATE_INFOPLIST_FILE = YES;
				INFOPLIST_KEY_UIApplicationSceneManifest_Generation = YES;
				INFOPLIST_KEY_UIApplicationSupportsIndirectInputEvents = YES;
				INFOPLIST_KEY_UILaunchScreen_Generation = YES;
				INFOPLIST_KEY_UISupportedInterfaceOrientations_iPad = "UIInterfaceOrientationPortrait UIInterfaceOrientationPortraitUpsideDown UIInterfaceOrientationLandscapeLeft UIInterfaceOrientationLandscapeRight";
				INFOPLIST_KEY_UISupportedInterfaceOrientations_iPhone = "UIInterfaceOrientationPortrait UIInterfaceOrientationLandscapeLeft UIInterfaceOrientationLandscapeRight";
				LD_RUNPATH_SEARCH_PATHS = (
					"$(inherited)",
					"@executable_path/Frameworks",
				);
				MARKETING_VERSION = 1.0;
				PRODUCT_BUNDLE_IDENTIFIER = "-.KinopoiskApp";
				PRODUCT_NAME = "$(TARGET_NAME)";
				SWIFT_EMIT_LOC_STRINGS = YES;
				SWIFT_VERSION = 5.0;
				TARGETED_DEVICE_FAMILY = "1,2";
			};
			name = Release;
		};
/* End XCBuildConfiguration section */

/* Begin XCConfigurationList section */
		209C5C1B29F6C777000DB27B /* Build configuration list for PBXProject "KinopoiskApp" */ = {
			isa = XCConfigurationList;
			buildConfigurations = (
				209C5C3129F6C779000DB27B /* Debug */,
				209C5C3229F6C779000DB27B /* Release */,
			);
			defaultConfigurationIsVisible = 0;
			defaultConfigurationName = Release;
		};
		209C5C3329F6C779000DB27B /* Build configuration list for PBXNativeTarget "KinopoiskApp" */ = {
			isa = XCConfigurationList;
			buildConfigurations = (
				209C5C3429F6C779000DB27B /* Debug */,
				209C5C3529F6C779000DB27B /* Release */,
			);
			defaultConfigurationIsVisible = 0;
			defaultConfigurationName = Release;
		};
/* End XCConfigurationList section */

/* Begin XCVersionGroup section */
		209C5C2E29F6C779000DB27B /* KinopoiskApp.xcdatamodeld */ = {
			isa = XCVersionGroup;
			children = (
				209C5C2F29F6C779000DB27B /* KinopoiskApp.xcdatamodel */,
			);
			currentVersion = 209C5C2F29F6C779000DB27B /* KinopoiskApp.xcdatamodel */;
			path = KinopoiskApp.xcdatamodeld;
			sourceTree = "<group>";
			versionGroupType = wrapper.xcdatamodel;
		};
/* End XCVersionGroup section */
	};
	rootObject = 209C5C1829F6C777000DB27B /* Project object */;
}
